{
    "php": {
        "version": "7.3"
    },
    "psr/container": {
        "version": "1.0.0"
    },
    "symfony/console": {
        "version": "4.4",
        "recipe": {
            "repo": "github.com/symfony/recipes",
            "branch": "master",
            "version": "4.4",
            "ref": "fead3ab2e80622c61d13dac0d21a3430a45efae8"
        },
        "files": [
            "bin/console",
            "config/bootstrap.php"
        ]
    },
    "symfony/dotenv": {
        "version": "v5.0.1"
    },
    "symfony/flex": {
        "version": "1.0",
        "recipe": {
            "repo": "github.com/symfony/recipes",
            "branch": "master",
            "version": "1.0",
            "ref": "19fa03bacd9a6619583d1e4939da4388df22984d"
        },
        "files": [
            ".env"
        ]
    },
    "symfony/polyfill-mbstring": {
        "version": "v1.13.1"
    },
    "symfony/polyfill-php73": {
        "version": "v1.13.1"
    },
    "symfony/service-contracts": {
        "version": "v2.0.1"
    },
    "symfony/yaml": {
        "version": "v5.0.1"
    }
}
